// !$*UTF8*$!
{
	archiveVersion = 1;
	classes = {
	};
	objectVersion = 77;
	objects = {

/* Begin PBXBuildFile section */
		1946656EDF645A4B703834EF /* ScaleReading.swift in Sources */ = {isa = PBXBuildFile; fileRef = F83D9F50C398D89F4C7BCE34 /* ScaleReading.swift */; };
		24365FA7044FFB91E3A2D2D1 /* WeightUnit.swift in Sources */ = {isa = PBXBuildFile; fileRef = 91EB089E67E40BABE78932E8 /* WeightUnit.swift */; };
		278F94EF1537415513358C8F /* splash.png in Resources */ = {isa = PBXBuildFile; fileRef = BB43073FB730A6F8F9C36C24 /* splash.png */; };
		2DD65A17377858FDC0BA1F7B /* SettingsView.swift in Sources */ = {isa = PBXBuildFile; fileRef = 89B659FD0D9A95F9E0D05E9B /* SettingsView.swift */; };
		4C6C5A766B30BA953B1C83DB /* ScaleBLEController.swift in Sources */ = {isa = PBXBuildFile; fileRef = F082C78B9E91613E0435C02E /* ScaleBLEController.swift */; };
		51D97EAAC41FE7BC3BFB6C0D /* BookooProtocol.swift in Sources */ = {isa = PBXBuildFile; fileRef = E9915A5D20DDAD92E3E342F2 /* BookooProtocol.swift */; };
		5CEC65330AE581F6D561857D /* ScaleViewModel.swift in Sources */ = {isa = PBXBuildFile; fileRef = E6B08D834CA3839CABB9538C /* ScaleViewModel.swift */; };
		630DA2E72279A628CD96E507 /* icon.png in Resources */ = {isa = PBXBuildFile; fileRef = 1A34130118CE497DE6AA27FA /* icon.png */; };
		63BBD336D19B05E1002B2C40 /* ContentView.swift in Sources */ = {isa = PBXBuildFile; fileRef = F627D0A157D963275FA7A2F1 /* ContentView.swift */; };
		73ECD3435CAA3A5F5F2D95B6 /* ControlBarView.swift in Sources */ = {isa = PBXBuildFile; fileRef = A79FE3E029EA7B748BDE5DE7 /* ControlBarView.swift */; };
		769AC0797ECFC38DA66E53F5 /* WeightDisplayView.swift in Sources */ = {isa = PBXBuildFile; fileRef = 98BE90F74773FCBD83D11A57 /* WeightDisplayView.swift */; };
		7929CC2D2A75997F6416BD35 /* BrewTimerView.swift in Sources */ = {isa = PBXBuildFile; fileRef = 9BCB93D5A3E29C53F03B5544 /* BrewTimerView.swift */; };
		7961687A205A97356FB9D1C0 /* background.png in Resources */ = {isa = PBXBuildFile; fileRef = FE3AB2682A461EB11A97A211 /* background.png */; };
		8DB524DCA2523B7B75CE9F03 /* BrewTimerState.swift in Sources */ = {isa = PBXBuildFile; fileRef = B60B752DCF56C79FE94D40D3 /* BrewTimerState.swift */; };
		923968F26DB071F37BF637FF /* Assets.xcassets in Resources */ = {isa = PBXBuildFile; fileRef = EEBD817AAF8332B3E2F7AC6B /* Assets.xcassets */; };
		9C128FEFC3DBED54E073E6EE /* WeightGraphView.swift in Sources */ = {isa = PBXBuildFile; fileRef = B67259E82368A423E012C3F6 /* WeightGraphView.swift */; };
		B26F08657ECE0655B3A444FD /* Color+Hex.swift in Sources */ = {isa = PBXBuildFile; fileRef = 6B2D2DCF8E32917A5DF47B38 /* Color+Hex.swift */; };
		C02F354D36AA05264438742B /* DeviceDiscoveryView.swift in Sources */ = {isa = PBXBuildFile; fileRef = 90D075316CC2458F62145C19 /* DeviceDiscoveryView.swift */; };
		C08D6ABB648FEFC4F1CA9814 /* WeightReading.swift in Sources */ = {isa = PBXBuildFile; fileRef = 4078853FB6BF07C5AF9C64C7 /* WeightReading.swift */; };
		CF7402055855B649951EF068 /* BeanBudApp.swift in Sources */ = {isa = PBXBuildFile; fileRef = 3DC4074EB7539DDF5B533362 /* BeanBudApp.swift */; };
/* End PBXBuildFile section */

/* Begin PBXFileReference section */
		1A34130118CE497DE6AA27FA /* icon.png */ = {isa = PBXFileReference; lastKnownFileType = image.png; path = icon.png; sourceTree = "<group>"; };
		3DC4074EB7539DDF5B533362 /* BeanBudApp.swift */ = {isa = PBXFileReference; lastKnownFileType = sourcecode.swift; path = BeanBudApp.swift; sourceTree = "<group>"; };
		4078853FB6BF07C5AF9C64C7 /* WeightReading.swift */ = {isa = PBXFileReference; lastKnownFileType = sourcecode.swift; path = WeightReading.swift; sourceTree = "<group>"; };
		6B2D2DCF8E32917A5DF47B38 /* Color+Hex.swift */ = {isa = PBXFileReference; lastKnownFileType = sourcecode.swift; path = "Color+Hex.swift"; sourceTree = "<group>"; };
		89B659FD0D9A95F9E0D05E9B /* SettingsView.swift */ = {isa = PBXFileReference; lastKnownFileType = sourcecode.swift; path = SettingsView.swift; sourceTree = "<group>"; };
		90D075316CC2458F62145C19 /* DeviceDiscoveryView.swift */ = {isa = PBXFileReference; lastKnownFileType = sourcecode.swift; path = DeviceDiscoveryView.swift; sourceTree = "<group>"; };
		91EB089E67E40BABE78932E8 /* WeightUnit.swift */ = {isa = PBXFileReference; lastKnownFileType = sourcecode.swift; path = WeightUnit.swift; sourceTree = "<group>"; };
		98BE90F74773FCBD83D11A57 /* WeightDisplayView.swift */ = {isa = PBXFileReference; lastKnownFileType = sourcecode.swift; path = WeightDisplayView.swift; sourceTree = "<group>"; };
		9BCB93D5A3E29C53F03B5544 /* BrewTimerView.swift */ = {isa = PBXFileReference; lastKnownFileType = sourcecode.swift; path = BrewTimerView.swift; sourceTree = "<group>"; };
		A79FE3E029EA7B748BDE5DE7 /* ControlBarView.swift */ = {isa = PBXFileReference; lastKnownFileType = sourcecode.swift; path = ControlBarView.swift; sourceTree = "<group>"; };
		B60B752DCF56C79FE94D40D3 /* BrewTimerState.swift */ = {isa = PBXFileReference; lastKnownFileType = sourcecode.swift; path = BrewTimerState.swift; sourceTree = "<group>"; };
		B67259E82368A423E012C3F6 /* WeightGraphView.swift */ = {isa = PBXFileReference; lastKnownFileType = sourcecode.swift; path = WeightGraphView.swift; sourceTree = "<group>"; };
		BB43073FB730A6F8F9C36C24 /* splash.png */ = {isa = PBXFileReference; lastKnownFileType = image.png; path = splash.png; sourceTree = "<group>"; };
		DA5D99F0301C8E2D5CE39228 /* Info.plist */ = {isa = PBXFileReference; lastKnownFileType = text.plist; path = Info.plist; sourceTree = "<group>"; };
		E1CCAFD231608A3CC82AF005 /* beanBud.app */ = {isa = PBXFileReference; includeInIndex = 0; lastKnownFileType = wrapper.application; path = beanBud.app; sourceTree = BUILT_PRODUCTS_DIR; };
		E6B08D834CA3839CABB9538C /* ScaleViewModel.swift */ = {isa = PBXFileReference; lastKnownFileType = sourcecode.swift; path = ScaleViewModel.swift; sourceTree = "<group>"; };
		E9915A5D20DDAD92E3E342F2 /* BookooProtocol.swift */ = {isa = PBXFileReference; lastKnownFileType = sourcecode.swift; path = BookooProtocol.swift; sourceTree = "<group>"; };
		EEBD817AAF8332B3E2F7AC6B /* Assets.xcassets */ = {isa = PBXFileReference; lastKnownFileType = folder.assetcatalog; path = Assets.xcassets; sourceTree = "<group>"; };
		F082C78B9E91613E0435C02E /* ScaleBLEController.swift */ = {isa = PBXFileReference; lastKnownFileType = sourcecode.swift; path = ScaleBLEController.swift; sourceTree = "<group>"; };
		F627D0A157D963275FA7A2F1 /* ContentView.swift */ = {isa = PBXFileReference; lastKnownFileType = sourcecode.swift; path = ContentView.swift; sourceTree = "<group>"; };
		F83D9F50C398D89F4C7BCE34 /* ScaleReading.swift */ = {isa = PBXFileReference; lastKnownFileType = sourcecode.swift; path = ScaleReading.swift; sourceTree = "<group>"; };
		FE3AB2682A461EB11A97A211 /* background.png */ = {isa = PBXFileReference; lastKnownFileType = image.png; path = background.png; sourceTree = "<group>"; };
/* End PBXFileReference section */

/* Begin PBXGroup section */
		30439BC879A3A328991FC36A /* Resources */ = {
			isa = PBXGroup;
			children = (
				FE3AB2682A461EB11A97A211 /* background.png */,
				1A34130118CE497DE6AA27FA /* icon.png */,
				DA5D99F0301C8E2D5CE39228 /* Info.plist */,
				BB43073FB730A6F8F9C36C24 /* splash.png */,
			);
			path = Resources;
			sourceTree = "<group>";
		};
		4E18202162AE66A7C71A43F1 /* App */ = {
			isa = PBXGroup;
			children = (
				3DC4074EB7539DDF5B533362 /* BeanBudApp.swift */,
				6B2D2DCF8E32917A5DF47B38 /* Color+Hex.swift */,
			);
			path = App;
			sourceTree = "<group>";
		};
		4E56215AF76FE0E1026126EE /* Models */ = {
			isa = PBXGroup;
			children = (
				B60B752DCF56C79FE94D40D3 /* BrewTimerState.swift */,
				F83D9F50C398D89F4C7BCE34 /* ScaleReading.swift */,
				4078853FB6BF07C5AF9C64C7 /* WeightReading.swift */,
				91EB089E67E40BABE78932E8 /* WeightUnit.swift */,
			);
			path = Models;
			sourceTree = "<group>";
		};
		562FD864C27C6DAEF9A1E31C /* beanBud */ = {
			isa = PBXGroup;
			children = (
				EEBD817AAF8332B3E2F7AC6B /* Assets.xcassets */,
				4E18202162AE66A7C71A43F1 /* App */,
				6E4605BB5023755C6E5A3CD3 /* BLE */,
				4E56215AF76FE0E1026126EE /* Models */,
				30439BC879A3A328991FC36A /* Resources */,
				86DC7C4595EB968DF6031A62 /* ViewModels */,
				63869A8F7760277ED55289DC /* Views */,
			);
			path = beanBud;
			sourceTree = "<group>";
		};
		63869A8F7760277ED55289DC /* Views */ = {
			isa = PBXGroup;
			children = (
				9BCB93D5A3E29C53F03B5544 /* BrewTimerView.swift */,
				F627D0A157D963275FA7A2F1 /* ContentView.swift */,
				A79FE3E029EA7B748BDE5DE7 /* ControlBarView.swift */,
				90D075316CC2458F62145C19 /* DeviceDiscoveryView.swift */,
				89B659FD0D9A95F9E0D05E9B /* SettingsView.swift */,
				98BE90F74773FCBD83D11A57 /* WeightDisplayView.swift */,
				B67259E82368A423E012C3F6 /* WeightGraphView.swift */,
			);
			path = Views;
			sourceTree = "<group>";
		};
		6C4560E53F532D5742A29EA1 /* Products */ = {
			isa = PBXGroup;
			children = (
				E1CCAFD231608A3CC82AF005 /* beanBud.app */,
			);
			name = Products;
			sourceTree = "<group>";
		};
		6E4605BB5023755C6E5A3CD3 /* BLE */ = {
			isa = PBXGroup;
			children = (
				E9915A5D20DDAD92E3E342F2 /* BookooProtocol.swift */,
				F082C78B9E91613E0435C02E /* ScaleBLEController.swift */,
			);
			path = BLE;
			sourceTree = "<group>";
		};
		7485BA414FCC86D8807D260E = {
			isa = PBXGroup;
			children = (
				562FD864C27C6DAEF9A1E31C /* beanBud */,
				6C4560E53F532D5742A29EA1 /* Products */,
			);
			sourceTree = "<group>";
		};
		86DC7C4595EB968DF6031A62 /* ViewModels */ = {
			isa = PBXGroup;
			children = (
				E6B08D834CA3839CABB9538C /* ScaleViewModel.swift */,
			);
			path = ViewModels;
			sourceTree = "<group>";
		};
/* End PBXGroup section */

/* Begin PBXNativeTarget section */
		DC700EA3551CA60CCB26EFBD /* beanBud */ = {
			isa = PBXNativeTarget;
			buildConfigurationList = DE53DEC0302BF30025A6C65E /* Build configuration list for PBXNativeTarget "beanBud" */;
			buildPhases = (
				4852F72EED4CF8E7990FC5F8 /* SwiftLint */,
				C91896F1C877E4389904D1A8 /* Sources */,
				800D1C26D66CD80EDB49C379 /* Resources */,
			);
			buildRules = (
			);
			dependencies = (
			);
			name = beanBud;
			packageProductDependencies = (
			);
			productName = beanBud;
			productReference = E1CCAFD231608A3CC82AF005 /* beanBud.app */;
			productType = "com.apple.product-type.application";
		};
/* End PBXNativeTarget section */

/* Begin PBXProject section */
		3390E0511E98F8F370446943 /* Project object */ = {
			isa = PBXProject;
			attributes = {
				BuildIndependentTargetsInParallel = YES;
				LastUpgradeCheck = 1600;
				TargetAttributes = {
				};
			};
			buildConfigurationList = 5E2D806EF2C0C7A841317C0E /* Build configuration list for PBXProject "beanBud" */;
			developmentRegion = en;
			hasScannedForEncodings = 0;
			knownRegions = (
				Base,
				en,
			);
			mainGroup = 7485BA414FCC86D8807D260E;
			minimizedProjectReferenceProxies = 1;
			preferredProjectObjectVersion = 77;
			productRefGroup = 6C4560E53F532D5742A29EA1 /* Products */;
			projectDirPath = "";
			projectRoot = "";
			targets = (
				DC700EA3551CA60CCB26EFBD /* beanBud */,
			);
		};
/* End PBXProject section */

/* Begin PBXResourcesBuildPhase section */
		800D1C26D66CD80EDB49C379 /* Resources */ = {
			isa = PBXResourcesBuildPhase;
			buildActionMask = 2147483647;
			files = (
				923968F26DB071F37BF637FF /* Assets.xcassets in Resources */,
				7961687A205A97356FB9D1C0 /* background.png in Resources */,
				630DA2E72279A628CD96E507 /* icon.png in Resources */,
				278F94EF1537415513358C8F /* splash.png in Resources */,
			);
			runOnlyForDeploymentPostprocessing = 0;
		};
/* End PBXResourcesBuildPhase section */

/* Begin PBXShellScriptBuildPhase section */
		4852F72EED4CF8E7990FC5F8 /* SwiftLint */ = {
			isa = PBXShellScriptBuildPhase;
			alwaysOutOfDate = 1;
			buildActionMask = 2147483647;
			files = (
			);
			inputFileListPaths = (
			);
			inputPaths = (
			);
			name = SwiftLint;
			outputFileListPaths = (
			);
			outputPaths = (
			);
			runOnlyForDeploymentPostprocessing = 0;
			shellPath = /bin/sh;
			shellScript = "if which swiftlint > /dev/null; then\n  swiftlint\nfi\n";
		};
/* End PBXShellScriptBuildPhase section */

/* Begin PBXSourcesBuildPhase section */
		C91896F1C877E4389904D1A8 /* Sources */ = {
			isa = PBXSourcesBuildPhase;
			buildActionMask = 2147483647;
			files = (
				CF7402055855B649951EF068 /* BeanBudApp.swift in Sources */,
				51D97EAAC41FE7BC3BFB6C0D /* BookooProtocol.swift in Sources */,
				8DB524DCA2523B7B75CE9F03 /* BrewTimerState.swift in Sources */,
				7929CC2D2A75997F6416BD35 /* BrewTimerView.swift in Sources */,
				B26F08657ECE0655B3A444FD /* Color+Hex.swift in Sources */,
				63BBD336D19B05E1002B2C40 /* ContentView.swift in Sources */,
				73ECD3435CAA3A5F5F2D95B6 /* ControlBarView.swift in Sources */,
				C02F354D36AA05264438742B /* DeviceDiscoveryView.swift in Sources */,
				4C6C5A766B30BA953B1C83DB /* ScaleBLEController.swift in Sources */,
				1946656EDF645A4B703834EF /* ScaleReading.swift in Sources */,
				5CEC65330AE581F6D561857D /* ScaleViewModel.swift in Sources */,
				2DD65A17377858FDC0BA1F7B /* SettingsView.swift in Sources */,
				769AC0797ECFC38DA66E53F5 /* WeightDisplayView.swift in Sources */,
				9C128FEFC3DBED54E073E6EE /* WeightGraphView.swift in Sources */,
				C08D6ABB648FEFC4F1CA9814 /* WeightReading.swift in Sources */,
				24365FA7044FFB91E3A2D2D1 /* WeightUnit.swift in Sources */,
			);
			runOnlyForDeploymentPostprocessing = 0;
		};
/* End PBXSourcesBuildPhase section */

/* Begin XCBuildConfiguration section */
		4A90E693C12486F5F2A48A4E /* Debug */ = {
			isa = XCBuildConfiguration;
			buildSettings = {
				ALWAYS_SEARCH_USER_PATHS = NO;
				CLANG_ANALYZER_NONNULL = YES;
				CLANG_ANALYZER_NUMBER_OBJECT_CONVERSION = YES_AGGRESSIVE;
				CLANG_CXX_LANGUAGE_STANDARD = "gnu++14";
				CLANG_CXX_LIBRARY = "libc++";
				CLANG_ENABLE_MODULES = YES;
				CLANG_ENABLE_OBJC_ARC = YES;
				CLANG_ENABLE_OBJC_WEAK = YES;
				CLANG_WARN_BLOCK_CAPTURE_AUTORELEASING = YES;
				CLANG_WARN_BOOL_CONVERSION = YES;
				CLANG_WARN_COMMA = YES;
				CLANG_WARN_CONSTANT_CONVERSION = YES;
				CLANG_WARN_DEPRECATED_OBJC_IMPLEMENTATIONS = YES;
				CLANG_WARN_DIRECT_OBJC_ISA_USAGE = YES_ERROR;
				CLANG_WARN_DOCUMENTATION_COMMENTS = YES;
				CLANG_WARN_EMPTY_BODY = YES;
				CLANG_WARN_ENUM_CONVERSION = YES;
				CLANG_WARN_INFINITE_RECURSION = YES;
				CLANG_WARN_INT_CONVERSION = YES;
				CLANG_WARN_NON_LITERAL_NULL_CONVERSION = YES;
				CLANG_WARN_OBJC_IMPLICIT_RETAIN_SELF = YES;
				CLANG_WARN_OBJC_LITERAL_CONVERSION = YES;
				CLANG_WARN_OBJC_ROOT_CLASS = YES_ERROR;
				CLANG_WARN_QUOTED_INCLUDE_IN_FRAMEWORK_HEADER = YES;
				CLANG_WARN_RANGE_LOOP_ANALYSIS = YES;
				CLANG_WARN_STRICT_PROTOTYPES = YES;
				CLANG_WARN_SUSPICIOUS_MOVE = YES;
				CLANG_WARN_UNGUARDED_AVAILABILITY = YES_AGGRESSIVE;
				CLANG_WARN_UNREACHABLE_CODE = YES;
				CLANG_WARN__DUPLICATE_METHOD_MATCH = YES;
				COPY_PHASE_STRIP = NO;
				DEBUG_INFORMATION_FORMAT = dwarf;
				ENABLE_STRICT_OBJC_MSGSEND = YES;
				ENABLE_TESTABILITY = YES;
				GCC_C_LANGUAGE_STANDARD = gnu11;
				GCC_DYNAMIC_NO_PIC = NO;
				GCC_NO_COMMON_BLOCKS = YES;
				GCC_OPTIMIZATION_LEVEL = 0;
				GCC_PREPROCESSOR_DEFINITIONS = (
					"$(inherited)",
					"DEBUG=1",
				);
				GCC_WARN_64_TO_32_BIT_CONVERSION = YES;
				GCC_WARN_ABOUT_RETURN_TYPE = YES_ERROR;
				GCC_WARN_UNDECLARED_SELECTOR = YES;
				GCC_WARN_UNINITIALIZED_AUTOS = YES_AGGRESSIVE;
				GCC_WARN_UNUSED_FUNCTION = YES;
				GCC_WARN_UNUSED_VARIABLE = YES;
				IPHONEOS_DEPLOYMENT_TARGET = 18.0;
				MTL_ENABLE_DEBUG_INFO = INCLUDE_SOURCE;
				MTL_FAST_MATH = YES;
				ONLY_ACTIVE_ARCH = YES;
				PRODUCT_NAME = "$(TARGET_NAME)";
				SDKROOT = iphoneos;
				SWIFT_ACTIVE_COMPILATION_CONDITIONS = DEBUG;
				SWIFT_OPTIMIZATION_LEVEL = "-Onone";
				SWIFT_VERSION = 6.0;
			};
			name = Debug;
		};
		8D732BC68DA08B91E809109B /* Debug */ = {
			isa = XCBuildConfiguration;
			buildSettings = {
				ASSETCATALOG_COMPILER_APPICON_NAME = AppIcon;
				CODE_SIGN_IDENTITY = "iPhone Developer";
				CURRENT_PROJECT_VERSION = 1;
				GENERATE_INFOPLIST_FILE = NO;
				INFOPLIST_FILE = beanBud/Resources/Info.plist;
				LD_RUNPATH_SEARCH_PATHS = (
					"$(inherited)",
					"@executable_path/Frameworks",
				);
				MARKETING_VERSION = 1.0;
				PRODUCT_BUNDLE_IDENTIFIER = com.beanbud.app;
				SDKROOT = iphoneos;
				TARGETED_DEVICE_FAMILY = "1,2";
			};
			name = Debug;
		};
		AF5FF82CFE6BABAFE8F0AFD7 /* Release */ = {
			isa = XCBuildConfiguration;
			buildSettings = {
				ASSETCATALOG_COMPILER_APPICON_NAME = AppIcon;
				CODE_SIGN_IDENTITY = "iPhone Developer";
				CURRENT_PROJECT_VERSION = 1;
				GENERATE_INFOPLIST_FILE = NO;
				INFOPLIST_FILE = beanBud/Resources/Info.plist;
				LD_RUNPATH_SEARCH_PATHS = (
					"$(inherited)",
					"@executable_path/Frameworks",
				);
				MARKETING_VERSION = 1.0;
				PRODUCT_BUNDLE_IDENTIFIER = com.beanbud.app;
				SDKROOT = iphoneos;
				TARGETED_DEVICE_FAMILY = "1,2";
			};
			name = Release;
		};
		E1671A5189E11D9A56270F39 /* Release */ = {
			isa = XCBuildConfiguration;
			buildSettings = {
				ALWAYS_SEARCH_USER_PATHS = NO;
				CLANG_ANALYZER_NONNULL = YES;
				CLANG_ANALYZER_NUMBER_OBJECT_CONVERSION = YES_AGGRESSIVE;
				CLANG_CXX_LANGUAGE_STANDARD = "gnu++14";
				CLANG_CXX_LIBRARY = "libc++";
				CLANG_ENABLE_MODULES = YES;
				CLANG_ENABLE_OBJC_ARC = YES;
				CLANG_ENABLE_OBJC_WEAK = YES;
				CLANG_WARN_BLOCK_CAPTURE_AUTORELEASING = YES;
				CLANG_WARN_BOOL_CONVERSION = YES;
				CLANG_WARN_COMMA = YES;
				CLANG_WARN_CONSTANT_CONVERSION = YES;
				CLANG_WARN_DEPRECATED_OBJC_IMPLEMENTATIONS = YES;
				CLANG_WARN_DIRECT_OBJC_ISA_USAGE = YES_ERROR;
				CLANG_WARN_DOCUMENTATION_COMMENTS = YES;
				CLANG_WARN_EMPTY_BODY = YES;
				CLANG_WARN_ENUM_CONVERSION = YES;
				CLANG_WARN_INFINITE_RECURSION = YES;
				CLANG_WARN_INT_CONVERSION = YES;
				CLANG_WARN_NON_LITERAL_NULL_CONVERSION = YES;
				CLANG_WARN_OBJC_IMPLICIT_RETAIN_SELF = YES;
				CLANG_WARN_OBJC_LITERAL_CONVERSION = YES;
				CLANG_WARN_OBJC_ROOT_CLASS = YES_ERROR;
				CLANG_WARN_QUOTED_INCLUDE_IN_FRAMEWORK_HEADER = YES;
				CLANG_WARN_RANGE_LOOP_ANALYSIS = YES;
				CLANG_WARN_STRICT_PROTOTYPES = YES;
				CLANG_WARN_SUSPICIOUS_MOVE = YES;
				CLANG_WARN_UNGUARDED_AVAILABILITY = YES_AGGRESSIVE;
				CLANG_WARN_UNREACHABLE_CODE = YES;
				CLANG_WARN__DUPLICATE_METHOD_MATCH = YES;
				COPY_PHASE_STRIP = NO;
				DEBUG_INFORMATION_FORMAT = "dwarf-with-dsym";
				ENABLE_NS_ASSERTIONS = NO;
				ENABLE_STRICT_OBJC_MSGSEND = YES;
				GCC_C_LANGUAGE_STANDARD = gnu11;
				GCC_NO_COMMON_BLOCKS = YES;
				GCC_WARN_64_TO_32_BIT_CONVERSION = YES;
				GCC_WARN_ABOUT_RETURN_TYPE = YES_ERROR;
				GCC_WARN_UNDECLARED_SELECTOR = YES;
				GCC_WARN_UNINITIALIZED_AUTOS = YES_AGGRESSIVE;
				GCC_WARN_UNUSED_FUNCTION = YES;
				GCC_WARN_UNUSED_VARIABLE = YES;
				IPHONEOS_DEPLOYMENT_TARGET = 18.0;
				MTL_ENABLE_DEBUG_INFO = NO;
				MTL_FAST_MATH = YES;
				PRODUCT_NAME = "$(TARGET_NAME)";
				SDKROOT = iphoneos;
				SWIFT_COMPILATION_MODE = wholemodule;
				SWIFT_OPTIMIZATION_LEVEL = "-O";
				SWIFT_VERSION = 6.0;
			};
			name = Release;
		};
/* End XCBuildConfiguration section */

/* Begin XCConfigurationList section */
		5E2D806EF2C0C7A841317C0E /* Build configuration list for PBXProject "beanBud" */ = {
			isa = XCConfigurationList;
			buildConfigurations = (
				4A90E693C12486F5F2A48A4E /* Debug */,
				E1671A5189E11D9A56270F39 /* Release */,
			);
			defaultConfigurationIsVisible = 0;
			defaultConfigurationName = Debug;
		};
		DE53DEC0302BF30025A6C65E /* Build configuration list for PBXNativeTarget "beanBud" */ = {
			isa = XCConfigurationList;
			buildConfigurations = (
				8D732BC68DA08B91E809109B /* Debug */,
				AF5FF82CFE6BABAFE8F0AFD7 /* Release */,
			);
			defaultConfigurationIsVisible = 0;
			defaultConfigurationName = Debug;
		};
/* End XCConfigurationList section */
	};
	rootObject = 3390E0511E98F8F370446943 /* Project object */;
}
